
Microsoft Visual Studio Solution File, Format Version 12.00
# Visual Studio Version 16
VisualStudioVersion = 16.0.31005.135
MinimumVisualStudioVersion = 10.0.40219.1
Project("{FAE04EC0-301F-11D3-BF4B-00C04F79EFBC}") = "CsharpSourceGeneratorSamples", "CsharpSourceGeneratorSamples\CsharpSourceGeneratorSamples.csproj", "{06E338E6-6C9F-4061-9C8C-8DA3D6FE66A4}"
EndProject
Project("{FAE04EC0-301F-11D3-BF4B-00C04F79EFBC}") = "MetaTagPropertyGenerator", "MetaTagPropertyGenerator\MetaTagPropertyGenerator.csproj", "{02FBB02C-FD11-4ED8-B42F-31064CE72817}"
EndProject
Global
	GlobalSection(SolutionConfigurationPlatforms) = preSolution
		Debug|Any CPU = Debug|Any CPU
		Release|Any CPU = Release|Any CPU
	EndGlobalSection
	GlobalSection(ProjectConfigurationPlatforms) = postSolution
		{06E338E6-6C9F-4061-9C8C-8DA3D6FE66A4}.Debug|Any CPU.ActiveCfg = Debug|Any CPU
		{06E338E6-6C9F-4061-9C8C-8DA3D6FE66A4}.Debug|Any CPU.Build.0 = Debug|Any CPU
		{06E338E6-6C9F-4061-9C8C-8DA3D6FE66A4}.Release|Any CPU.ActiveCfg = Release|Any CPU
		{06E338E6-6C9F-4061-9C8C-8DA3D6FE66A4}.Release|Any CPU.Build.0 = Release|Any CPU
		{02FBB02C-FD11-4ED8-B42F-31064CE72817}.Debug|Any CPU.ActiveCfg = Debug|Any CPU
		{02FBB02C-FD11-4ED8-B42F-31064CE72817}.Debug|Any CPU.Build.0 = Debug|Any CPU
		{02FBB02C-FD11-4ED8-B42F-31064CE72817}.Release|Any CPU.ActiveCfg = Release|Any CPU
		{02FBB02C-FD11-4ED8-B42F-31064CE72817}.Release|Any CPU.Build.0 = Release|Any CPU
	EndGlobalSection
	GlobalSection(SolutionProperties) = preSolution
		HideSolutionNode = FALSE
	EndGlobalSection
	GlobalSection(ExtensibilityGlobals) = postSolution
		SolutionGuid = {D92D1466-4D62-4A49-AB89-5AE5A1548178}
	EndGlobalSection
EndGlobal
